
Microsoft Visual Studio Solution File, Format Version 12.00
# Visual Studio Version 17
VisualStudioVersion = 17.5.33530.505
MinimumVisualStudioVersion = 10.0.40219.1
Project("{FAE04EC0-301F-11D3-BF4B-00C04F79EFBC}") = "testeprojeto", "testeprojeto.csproj", "{C3DFD345-71B4-42D9-8777-B86B6F569C52}"
EndProject
Global
	GlobalSection(SolutionConfigurationPlatforms) = preSolution
		Debug|Any CPU = Debug|Any CPU
		Release|Any CPU = Release|Any CPU
	EndGlobalSection
	GlobalSection(ProjectConfigurationPlatforms) = postSolution
		{C3DFD345-71B4-42D9-8777-B86B6F569C52}.Debug|Any CPU.ActiveCfg = Debug|Any CPU
		{C3DFD345-71B4-42D9-8777-B86B6F569C52}.Debug|Any CPU.Build.0 = Debug|Any CPU
		{C3DFD345-71B4-42D9-8777-B86B6F569C52}.Release|Any CPU.ActiveCfg = Release|Any CPU
		{C3DFD345-71B4-42D9-8777-B86B6F569C52}.Release|Any CPU.Build.0 = Release|Any CPU
	EndGlobalSection
	GlobalSection(SolutionProperties) = preSolution
		HideSolutionNode = FALSE
	EndGlobalSection
	GlobalSection(ExtensibilityGlobals) = postSolution
		SolutionGuid = {507F587C-BA8A-4317-86F9-CA3B2B9D8FF1}
	EndGlobalSection
EndGlobal
